
Microsoft Visual Studio Solution File, Format Version 12.00
# Visual Studio Version 17
VisualStudioVersion = 17.14.36301.6
MinimumVisualStudioVersion = 10.0.40219.1
Project("{FAE04EC0-301F-11D3-BF4B-00C04F79EFBC}") = "Server-App-Installer", "Server-App-Installer\Server-App-Installer.csproj", "{D6529615-F1D6-4F3C-9133-0410DCFBF144}"
EndProject
Project("{FAE04EC0-301F-11D3-BF4B-00C04F79EFBC}") = "Loader", "Loader\Loader.csproj", "{C8F4FA6E-9F0E-4A99-A0FA-B9A9B73FF0DE}"
EndProject
Project("{FAE04EC0-301F-11D3-BF4B-00C04F79EFBC}") = "UsefulFunctions", "UsefulFunctions\UsefulFunctions.csproj", "{59D04026-A58E-444C-8636-AEBD8A42989B}"
EndProject
Project("{FAE04EC0-301F-11D3-BF4B-00C04F79EFBC}") = "ExchangeInstaller", "ExchangeInstaller\ExchangeInstaller.csproj", "{B8CE4323-0852-4537-844D-184B0F44D89D}"
EndProject
Global
	GlobalSection(SolutionConfigurationPlatforms) = preSolution
		Debug|Any CPU = Debug|Any CPU
		Release|Any CPU = Release|Any CPU
	EndGlobalSection
	GlobalSection(ProjectConfigurationPlatforms) = postSolution
		{D6529615-F1D6-4F3C-9133-0410DCFBF144}.Debug|Any CPU.ActiveCfg = Debug|Any CPU
		{D6529615-F1D6-4F3C-9133-0410DCFBF144}.Debug|Any CPU.Build.0 = Debug|Any CPU
		{D6529615-F1D6-4F3C-9133-0410DCFBF144}.Release|Any CPU.ActiveCfg = Release|Any CPU
		{D6529615-F1D6-4F3C-9133-0410DCFBF144}.Release|Any CPU.Build.0 = Release|Any CPU
		{C8F4FA6E-9F0E-4A99-A0FA-B9A9B73FF0DE}.Debug|Any CPU.ActiveCfg = Debug|Any CPU
		{C8F4FA6E-9F0E-4A99-A0FA-B9A9B73FF0DE}.Debug|Any CPU.Build.0 = Debug|Any CPU
		{C8F4FA6E-9F0E-4A99-A0FA-B9A9B73FF0DE}.Release|Any CPU.ActiveCfg = Release|Any CPU
		{C8F4FA6E-9F0E-4A99-A0FA-B9A9B73FF0DE}.Release|Any CPU.Build.0 = Release|Any CPU
		{59D04026-A58E-444C-8636-AEBD8A42989B}.Debug|Any CPU.ActiveCfg = Debug|Any CPU
		{59D04026-A58E-444C-8636-AEBD8A42989B}.Debug|Any CPU.Build.0 = Debug|Any CPU
		{59D04026-A58E-444C-8636-AEBD8A42989B}.Release|Any CPU.ActiveCfg = Release|Any CPU
		{59D04026-A58E-444C-8636-AEBD8A42989B}.Release|Any CPU.Build.0 = Release|Any CPU
		{B8CE4323-0852-4537-844D-184B0F44D89D}.Debug|Any CPU.ActiveCfg = Debug|Any CPU
		{B8CE4323-0852-4537-844D-184B0F44D89D}.Debug|Any CPU.Build.0 = Debug|Any CPU
		{B8CE4323-0852-4537-844D-184B0F44D89D}.Release|Any CPU.ActiveCfg = Release|Any CPU
		{B8CE4323-0852-4537-844D-184B0F44D89D}.Release|Any CPU.Build.0 = Release|Any CPU
	EndGlobalSection
	GlobalSection(SolutionProperties) = preSolution
		HideSolutionNode = FALSE
	EndGlobalSection
	GlobalSection(ExtensibilityGlobals) = postSolution
		SolutionGuid = {68157FB7-5F6F-49D8-B759-2942A83438BD}
	EndGlobalSection
EndGlobal
